
Microsoft Visual Studio Solution File, Format Version 12.00
# Visual Studio Version 16
VisualStudioVersion = 16.0.29326.143
MinimumVisualStudioVersion = 10.0.40219.1
Project("{FAE04EC0-301F-11D3-BF4B-00C04F79EFBC}") = "PuntoUno", "PuntoUno\PuntoUno.csproj", "{8423CE3B-CF60-4509-BD6B-9784432FC86D}"
EndProject
Global
	GlobalSection(SolutionConfigurationPlatforms) = preSolution
		Debug|Any CPU = Debug|Any CPU
		Release|Any CPU = Release|Any CPU
	EndGlobalSection
	GlobalSection(ProjectConfigurationPlatforms) = postSolution
		{8423CE3B-CF60-4509-BD6B-9784432FC86D}.Debug|Any CPU.ActiveCfg = Debug|Any CPU
		{8423CE3B-CF60-4509-BD6B-9784432FC86D}.Debug|Any CPU.Build.0 = Debug|Any CPU
		{8423CE3B-CF60-4509-BD6B-9784432FC86D}.Release|Any CPU.ActiveCfg = Release|Any CPU
		{8423CE3B-CF60-4509-BD6B-9784432FC86D}.Release|Any CPU.Build.0 = Release|Any CPU
	EndGlobalSection
	GlobalSection(SolutionProperties) = preSolution
		HideSolutionNode = FALSE
	EndGlobalSection
	GlobalSection(ExtensibilityGlobals) = postSolution
		SolutionGuid = {073451AC-2131-4E9D-A75F-143BBA09E4A6}
	EndGlobalSection
EndGlobal
